PODS:
  - MultiPlatformLibrary (0.1.0)
  - Sketch (3.1)
  - TensorFlowLiteC (2.17.0):
    - TensorFlowLiteC/Core (= 2.17.0)
  - TensorFlowLiteC/Core (2.17.0)
  - TensorFlowLiteObjC (2.17.0):
    - TensorFlowLiteObjC/Core (= 2.17.0)
  - TensorFlowLiteObjC/Core (2.17.0):
    - TensorFlowLiteC (= 2.17.0)
    - TensorFlowLiteObjC/Privacy (= 2.17.0)
  - TensorFlowLiteObjC/Privacy (2.17.0)

DEPENDENCIES:
  - MultiPlatformLibrary (from `../mpp-library`)
  - Sketch
  - TensorFlowLiteObjC (~> 2.17.0)

SPEC REPOS:
  trunk:
    - Sketch
    - TensorFlowLiteC
    - TensorFlowLiteObjC

EXTERNAL SOURCES:
  MultiPlatformLibrary:
    :path: "../mpp-library"

SPEC CHECKSUMS:
  MultiPlatformLibrary: 0ac41445d3f416448aa02808e2d131c8d6688463
  Sketch: db5a2d1de16fbf1fbdf57343a89c99b64b33ecf1
  TensorFlowLiteC: eac6d689a8d391d1b202dc59e3d9165ba64aaf73
  TensorFlowLiteObjC: 72e1fa903465cd6a8d3d614c1474c5aad7635bb7

PODFILE CHECKSUM: 3b7695d36c8180b283237ff886911ea983a14a24

COCOAPODS: 1.16.2
